{
  "originHash" : "a722e1487a633558e36116134d3fb9e72402c966e8578138cd446241cd15b742",
  "pins" : [
    {
      "identity" : "easytipview",
      "kind" : "remoteSourceControl",
      "location" : "https://github.com/teodorpatras/EasyTipView.git",
      "state" : {
        "revision" : "1cba0e75f745da03773cd7092480c5fa8cde4a72",
        "version" : "2.1.0"
      }
    },
    {
      "identity" : "snapkit",
      "kind" : "remoteSourceControl",
      "location" : "https://github.com/SnapKit/SnapKit.git",
      "state" : {
        "revision" : "2842e6e84e82eb9a8dac0100ca90d9444b0307f4",
        "version" : "5.7.1"
      }
    }
  ],
  "version" : 3
}
